
Microsoft Visual Studio Solution File, Format Version 12.00
# Visual Studio Version 17
VisualStudioVersion = 17.14.36414.22
MinimumVisualStudioVersion = 10.0.40219.1
Project("{FAE04EC0-301F-11D3-BF4B-00C04F79EFBC}") = "Syhnost", "Syhnost\Syhnost.csproj", "{E4C1CF83-F237-45C4-A716-F06A114DE0ED}"
EndProject
Project("{FAE04EC0-301F-11D3-BF4B-00C04F79EFBC}") = "FinForm", "FinForm\FinForm.csproj", "{25CE9C1F-2A94-40AA-A528-524329D93C76}"
EndProject
Project("{FAE04EC0-301F-11D3-BF4B-00C04F79EFBC}") = "ConsoleApp11", "ConsoleApp11\ConsoleApp11.csproj", "{67060872-43DD-4EA2-907C-92C94C56A95A}"
EndProject
Project("{2150E333-8FDC-42A3-9474-1A3956D46DE8}") = "Элементы решения", "Элементы решения", "{754FC069-D67B-A9D7-50A1-8D1CA196D8F1}"
	ProjectSection(SolutionItems) = preProject
		.gitignore = .gitignore
	EndProjectSection
EndProject
Global
	GlobalSection(SolutionConfigurationPlatforms) = preSolution
		Debug|Any CPU = Debug|Any CPU
		Release|Any CPU = Release|Any CPU
	EndGlobalSection
	GlobalSection(ProjectConfigurationPlatforms) = postSolution
		{E4C1CF83-F237-45C4-A716-F06A114DE0ED}.Debug|Any CPU.ActiveCfg = Debug|Any CPU
		{E4C1CF83-F237-45C4-A716-F06A114DE0ED}.Debug|Any CPU.Build.0 = Debug|Any CPU
		{E4C1CF83-F237-45C4-A716-F06A114DE0ED}.Release|Any CPU.ActiveCfg = Release|Any CPU
		{E4C1CF83-F237-45C4-A716-F06A114DE0ED}.Release|Any CPU.Build.0 = Release|Any CPU
		{25CE9C1F-2A94-40AA-A528-524329D93C76}.Debug|Any CPU.ActiveCfg = Debug|Any CPU
		{25CE9C1F-2A94-40AA-A528-524329D93C76}.Debug|Any CPU.Build.0 = Debug|Any CPU
		{25CE9C1F-2A94-40AA-A528-524329D93C76}.Release|Any CPU.ActiveCfg = Release|Any CPU
		{25CE9C1F-2A94-40AA-A528-524329D93C76}.Release|Any CPU.Build.0 = Release|Any CPU
		{67060872-43DD-4EA2-907C-92C94C56A95A}.Debug|Any CPU.ActiveCfg = Debug|Any CPU
		{67060872-43DD-4EA2-907C-92C94C56A95A}.Debug|Any CPU.Build.0 = Debug|Any CPU
		{67060872-43DD-4EA2-907C-92C94C56A95A}.Release|Any CPU.ActiveCfg = Release|Any CPU
		{67060872-43DD-4EA2-907C-92C94C56A95A}.Release|Any CPU.Build.0 = Release|Any CPU
	EndGlobalSection
	GlobalSection(SolutionProperties) = preSolution
		HideSolutionNode = FALSE
	EndGlobalSection
	GlobalSection(ExtensibilityGlobals) = postSolution
		SolutionGuid = {C83DCC85-4B0A-409E-B567-0ABEEBE7ABF1}
	EndGlobalSection
EndGlobal
